
Microsoft Visual Studio Solution File, Format Version 12.00
# Visual Studio Version 16
VisualStudioVersion = 16.0.30503.244
MinimumVisualStudioVersion = 10.0.40219.1
Project("{FAE04EC0-301F-11D3-BF4B-00C04F79EFBC}") = "WebsiteKeyStore", "WebsiteKeyStore\WebsiteKeyStore.csproj", "{D9931A48-5932-4B79-83F1-E7897621AB97}"
EndProject
Global
	GlobalSection(SolutionConfigurationPlatforms) = preSolution
		Debug|Any CPU = Debug|Any CPU
		Release|Any CPU = Release|Any CPU
	EndGlobalSection
	GlobalSection(ProjectConfigurationPlatforms) = postSolution
		{D9931A48-5932-4B79-83F1-E7897621AB97}.Debug|Any CPU.ActiveCfg = Debug|Any CPU
		{D9931A48-5932-4B79-83F1-E7897621AB97}.Debug|Any CPU.Build.0 = Debug|Any CPU
		{D9931A48-5932-4B79-83F1-E7897621AB97}.Release|Any CPU.ActiveCfg = Release|Any CPU
		{D9931A48-5932-4B79-83F1-E7897621AB97}.Release|Any CPU.Build.0 = Release|Any CPU
	EndGlobalSection
	GlobalSection(SolutionProperties) = preSolution
		HideSolutionNode = FALSE
	EndGlobalSection
	GlobalSection(ExtensibilityGlobals) = postSolution
		SolutionGuid = {B3515BC5-EFC2-4532-86EE-30DF0C3ECE12}
	EndGlobalSection
EndGlobal
